PODS:
  - GYEasyForm (0.1.2):
    - GYEasyForm/Core (= 0.1.2)
  - GYEasyForm/Core (0.1.2)
  - GYEasyForm/Rows (0.1.2):
    - GYEasyForm/Core
  - IQKeyboardManager (6.2.0)
  - Masonry (1.1.0)
  - TZImagePickerController (3.1.6)

DEPENDENCIES:
  - GYEasyForm (from `../`)
  - GYEasyForm/Rows (from `../`)
  - IQKeyboardManager
  - Masonry
  - TZImagePickerController

SPEC REPOS:
  https://github.com/CocoaPods/Specs.git:
    - IQKeyboardManager
    - Masonry
    - TZImagePickerController

EXTERNAL SOURCES:
  GYEasyForm:
    :path: "../"

SPEC CHECKSUMS:
  GYEasyForm: 49bbb8c956bc33cb734185897448cca3dff3de1e
  IQKeyboardManager: 6194101620b73af5e67900b8f89707a99de0b804
  Masonry: 678fab65091a9290e40e2832a55e7ab731aad201
  TZImagePickerController: 733aa6fd217f87c61656764f8e76b2137b6c8f47

PODFILE CHECKSUM: 3df608e3225fba1ecb8071efe6f15a8ddd90f479

COCOAPODS: 1.8.3
